
Microsoft Visual Studio Solution File, Format Version 12.00
# Visual Studio Version 16
VisualStudioVersion = 16.0.29519.181
MinimumVisualStudioVersion = 10.0.40219.1
Project("{9A19103F-16F7-4668-BE54-9A1E7A4F7556}") = "GCT", "GCT\GCT.csproj", "{AEFBFD65-D8F0-49D0-A77B-6DE076368794}"
EndProject
Project("{9A19103F-16F7-4668-BE54-9A1E7A4F7556}") = "Tests", "Tests\Tests.csproj", "{E4C6F91A-5C71-400B-9FB1-E1089CEB232C}"
EndProject
Project("{9A19103F-16F7-4668-BE54-9A1E7A4F7556}") = "Automata", "Automata\Automata.csproj", "{C19215DC-7B45-4658-890E-045E0585FAA1}"
EndProject
Project("{9A19103F-16F7-4668-BE54-9A1E7A4F7556}") = "Core", "Core\Core.csproj", "{7A5ACE30-B191-49D0-99AE-68E6D5AE0019}"
EndProject
Project("{9A19103F-16F7-4668-BE54-9A1E7A4F7556}") = "LexicalAnalysis", "LexicalAnalysis\LexicalAnalysis.csproj", "{AA9DDAB6-6151-49C8-BF17-A52C9F2F8007}"
EndProject
Project("{9A19103F-16F7-4668-BE54-9A1E7A4F7556}") = "SyntacticAnalysis", "SyntacticAnalysis\SyntacticAnalysis.csproj", "{81933738-B448-4354-A835-8710EBB51EE5}"
EndProject
Project("{9A19103F-16F7-4668-BE54-9A1E7A4F7556}") = "SemanticAnalysis", "SemanticAnalysis\SemanticAnalysis.csproj", "{F64287EB-B3A9-4257-A382-69A12EB106F7}"
EndProject
Project("{9A19103F-16F7-4668-BE54-9A1E7A4F7556}") = "ASTVisitor", "ASTVisitor\ASTVisitor.csproj", "{73A244CF-9BCC-4737-8C04-6AE38DD901B8}"
EndProject
Global
	GlobalSection(SolutionConfigurationPlatforms) = preSolution
		Debug|Any CPU = Debug|Any CPU
		Release|Any CPU = Release|Any CPU
	EndGlobalSection
	GlobalSection(ProjectConfigurationPlatforms) = postSolution
		{AEFBFD65-D8F0-49D0-A77B-6DE076368794}.Debug|Any CPU.ActiveCfg = Debug|Any CPU
		{AEFBFD65-D8F0-49D0-A77B-6DE076368794}.Debug|Any CPU.Build.0 = Debug|Any CPU
		{AEFBFD65-D8F0-49D0-A77B-6DE076368794}.Release|Any CPU.ActiveCfg = Release|Any CPU
		{AEFBFD65-D8F0-49D0-A77B-6DE076368794}.Release|Any CPU.Build.0 = Release|Any CPU
		{E4C6F91A-5C71-400B-9FB1-E1089CEB232C}.Debug|Any CPU.ActiveCfg = Debug|Any CPU
		{E4C6F91A-5C71-400B-9FB1-E1089CEB232C}.Debug|Any CPU.Build.0 = Debug|Any CPU
		{E4C6F91A-5C71-400B-9FB1-E1089CEB232C}.Release|Any CPU.ActiveCfg = Release|Any CPU
		{E4C6F91A-5C71-400B-9FB1-E1089CEB232C}.Release|Any CPU.Build.0 = Release|Any CPU
		{C19215DC-7B45-4658-890E-045E0585FAA1}.Debug|Any CPU.ActiveCfg = Debug|Any CPU
		{C19215DC-7B45-4658-890E-045E0585FAA1}.Debug|Any CPU.Build.0 = Debug|Any CPU
		{C19215DC-7B45-4658-890E-045E0585FAA1}.Release|Any CPU.ActiveCfg = Release|Any CPU
		{C19215DC-7B45-4658-890E-045E0585FAA1}.Release|Any CPU.Build.0 = Release|Any CPU
		{7A5ACE30-B191-49D0-99AE-68E6D5AE0019}.Debug|Any CPU.ActiveCfg = Debug|Any CPU
		{7A5ACE30-B191-49D0-99AE-68E6D5AE0019}.Debug|Any CPU.Build.0 = Debug|Any CPU
		{7A5ACE30-B191-49D0-99AE-68E6D5AE0019}.Release|Any CPU.ActiveCfg = Release|Any CPU
		{7A5ACE30-B191-49D0-99AE-68E6D5AE0019}.Release|Any CPU.Build.0 = Release|Any CPU
		{AA9DDAB6-6151-49C8-BF17-A52C9F2F8007}.Debug|Any CPU.ActiveCfg = Debug|Any CPU
		{AA9DDAB6-6151-49C8-BF17-A52C9F2F8007}.Debug|Any CPU.Build.0 = Debug|Any CPU
		{AA9DDAB6-6151-49C8-BF17-A52C9F2F8007}.Release|Any CPU.ActiveCfg = Release|Any CPU
		{AA9DDAB6-6151-49C8-BF17-A52C9F2F8007}.Release|Any CPU.Build.0 = Release|Any CPU
		{81933738-B448-4354-A835-8710EBB51EE5}.Debug|Any CPU.ActiveCfg = Debug|Any CPU
		{81933738-B448-4354-A835-8710EBB51EE5}.Debug|Any CPU.Build.0 = Debug|Any CPU
		{81933738-B448-4354-A835-8710EBB51EE5}.Release|Any CPU.ActiveCfg = Release|Any CPU
		{81933738-B448-4354-A835-8710EBB51EE5}.Release|Any CPU.Build.0 = Release|Any CPU
		{F64287EB-B3A9-4257-A382-69A12EB106F7}.Debug|Any CPU.ActiveCfg = Debug|Any CPU
		{F64287EB-B3A9-4257-A382-69A12EB106F7}.Debug|Any CPU.Build.0 = Debug|Any CPU
		{F64287EB-B3A9-4257-A382-69A12EB106F7}.Release|Any CPU.ActiveCfg = Release|Any CPU
		{F64287EB-B3A9-4257-A382-69A12EB106F7}.Release|Any CPU.Build.0 = Release|Any CPU
		{73A244CF-9BCC-4737-8C04-6AE38DD901B8}.Debug|Any CPU.ActiveCfg = Debug|Any CPU
		{73A244CF-9BCC-4737-8C04-6AE38DD901B8}.Debug|Any CPU.Build.0 = Debug|Any CPU
		{73A244CF-9BCC-4737-8C04-6AE38DD901B8}.Release|Any CPU.ActiveCfg = Release|Any CPU
		{73A244CF-9BCC-4737-8C04-6AE38DD901B8}.Release|Any CPU.Build.0 = Release|Any CPU
	EndGlobalSection
	GlobalSection(SolutionProperties) = preSolution
		HideSolutionNode = FALSE
	EndGlobalSection
	GlobalSection(ExtensibilityGlobals) = postSolution
		SolutionGuid = {6F62BDA9-D793-46EC-8C58-3E4696DABD7B}
	EndGlobalSection
EndGlobal
